
Microsoft Visual Studio Solution File, Format Version 12.00
# Visual Studio Version 16
VisualStudioVersion = 16.0.30225.117
MinimumVisualStudioVersion = 10.0.40219.1
Project("{FAE04EC0-301F-11D3-BF4B-00C04F79EFBC}") = "Entities", "Entities\Entities.csproj", "{B3CFA785-143E-47FD-88E2-FBCC952D8DE1}"
EndProject
Project("{FAE04EC0-301F-11D3-BF4B-00C04F79EFBC}") = "DataAccess", "DataAccess\DataAccess.csproj", "{F7BA580A-D464-42F8-BD2B-637A113CD424}"
EndProject
Project("{FAE04EC0-301F-11D3-BF4B-00C04F79EFBC}") = "Business", "Business\Business.csproj", "{268DC7B5-A6B2-4C4B-920A-9B5A8CD6ED2B}"
EndProject
Project("{FAE04EC0-301F-11D3-BF4B-00C04F79EFBC}") = "MvcWebUI", "MvcWebUI\MvcWebUI.csproj", "{EE5182D9-39B1-4FE5-A414-58934DD386CB}"
EndProject
Project("{FAE04EC0-301F-11D3-BF4B-00C04F79EFBC}") = "WebAPI", "WebAPI\WebAPI.csproj", "{13A29FBC-B4E1-44F6-9A0F-68C7028DDD56}"
EndProject
Project("{FAE04EC0-301F-11D3-BF4B-00C04F79EFBC}") = "Core", "Core\Core.csproj", "{3FBF4D0C-81C2-43A7-B08A-4FD5320C76A8}"
EndProject
Global
	GlobalSection(SolutionConfigurationPlatforms) = preSolution
		Debug|Any CPU = Debug|Any CPU
		Release|Any CPU = Release|Any CPU
	EndGlobalSection
	GlobalSection(ProjectConfigurationPlatforms) = postSolution
		{B3CFA785-143E-47FD-88E2-FBCC952D8DE1}.Debug|Any CPU.ActiveCfg = Debug|Any CPU
		{B3CFA785-143E-47FD-88E2-FBCC952D8DE1}.Debug|Any CPU.Build.0 = Debug|Any CPU
		{B3CFA785-143E-47FD-88E2-FBCC952D8DE1}.Release|Any CPU.ActiveCfg = Release|Any CPU
		{B3CFA785-143E-47FD-88E2-FBCC952D8DE1}.Release|Any CPU.Build.0 = Release|Any CPU
		{F7BA580A-D464-42F8-BD2B-637A113CD424}.Debug|Any CPU.ActiveCfg = Debug|Any CPU
		{F7BA580A-D464-42F8-BD2B-637A113CD424}.Debug|Any CPU.Build.0 = Debug|Any CPU
		{F7BA580A-D464-42F8-BD2B-637A113CD424}.Release|Any CPU.ActiveCfg = Release|Any CPU
		{F7BA580A-D464-42F8-BD2B-637A113CD424}.Release|Any CPU.Build.0 = Release|Any CPU
		{268DC7B5-A6B2-4C4B-920A-9B5A8CD6ED2B}.Debug|Any CPU.ActiveCfg = Debug|Any CPU
		{268DC7B5-A6B2-4C4B-920A-9B5A8CD6ED2B}.Debug|Any CPU.Build.0 = Debug|Any CPU
		{268DC7B5-A6B2-4C4B-920A-9B5A8CD6ED2B}.Release|Any CPU.ActiveCfg = Release|Any CPU
		{268DC7B5-A6B2-4C4B-920A-9B5A8CD6ED2B}.Release|Any CPU.Build.0 = Release|Any CPU
		{EE5182D9-39B1-4FE5-A414-58934DD386CB}.Debug|Any CPU.ActiveCfg = Debug|Any CPU
		{EE5182D9-39B1-4FE5-A414-58934DD386CB}.Debug|Any CPU.Build.0 = Debug|Any CPU
		{EE5182D9-39B1-4FE5-A414-58934DD386CB}.Release|Any CPU.ActiveCfg = Release|Any CPU
		{EE5182D9-39B1-4FE5-A414-58934DD386CB}.Release|Any CPU.Build.0 = Release|Any CPU
		{13A29FBC-B4E1-44F6-9A0F-68C7028DDD56}.Debug|Any CPU.ActiveCfg = Debug|Any CPU
		{13A29FBC-B4E1-44F6-9A0F-68C7028DDD56}.Debug|Any CPU.Build.0 = Debug|Any CPU
		{13A29FBC-B4E1-44F6-9A0F-68C7028DDD56}.Release|Any CPU.ActiveCfg = Release|Any CPU
		{13A29FBC-B4E1-44F6-9A0F-68C7028DDD56}.Release|Any CPU.Build.0 = Release|Any CPU
		{3FBF4D0C-81C2-43A7-B08A-4FD5320C76A8}.Debug|Any CPU.ActiveCfg = Debug|Any CPU
		{3FBF4D0C-81C2-43A7-B08A-4FD5320C76A8}.Debug|Any CPU.Build.0 = Debug|Any CPU
		{3FBF4D0C-81C2-43A7-B08A-4FD5320C76A8}.Release|Any CPU.ActiveCfg = Release|Any CPU
		{3FBF4D0C-81C2-43A7-B08A-4FD5320C76A8}.Release|Any CPU.Build.0 = Release|Any CPU
	EndGlobalSection
	GlobalSection(SolutionProperties) = preSolution
		HideSolutionNode = FALSE
	EndGlobalSection
	GlobalSection(ExtensibilityGlobals) = postSolution
		SolutionGuid = {82B7531E-B3E8-4AD1-8ADA-30A7861DAD4E}
	EndGlobalSection
EndGlobal
