
Microsoft Visual Studio Solution File, Format Version 12.00
# Visual Studio Version 16
VisualStudioVersion = 16.0.30225.117
MinimumVisualStudioVersion = 10.0.40219.1
Project("{9A19103F-16F7-4668-BE54-9A1E7A4F7556}") = "Entities", "Entities\Entities.csproj", "{7300711E-69B6-4833-8866-B453561BD4E7}"
EndProject
Project("{FAE04EC0-301F-11D3-BF4B-00C04F79EFBC}") = "DataAccess", "DataAccess\DataAccess.csproj", "{0A88807F-FFF5-4A74-B4F0-4B1E9E5E03C5}"
EndProject
Project("{FAE04EC0-301F-11D3-BF4B-00C04F79EFBC}") = "Business", "Business\Business.csproj", "{0723F79A-91B2-4F13-9C73-D104F68BFB9F}"
EndProject
Project("{FAE04EC0-301F-11D3-BF4B-00C04F79EFBC}") = "Core", "Core\Core.csproj", "{EF309A58-11AE-4DB0-AE2D-351471DDA23B}"
EndProject
Project("{FAE04EC0-301F-11D3-BF4B-00C04F79EFBC}") = "WebAPI", "WebAPI\WebAPI.csproj", "{4FAC41D5-557C-4F6A-9BE3-4A9DD1AABFD9}"
EndProject
Global
	GlobalSection(SolutionConfigurationPlatforms) = preSolution
		Debug|Any CPU = Debug|Any CPU
		Release|Any CPU = Release|Any CPU
	EndGlobalSection
	GlobalSection(ProjectConfigurationPlatforms) = postSolution
		{7300711E-69B6-4833-8866-B453561BD4E7}.Debug|Any CPU.ActiveCfg = Debug|Any CPU
		{7300711E-69B6-4833-8866-B453561BD4E7}.Debug|Any CPU.Build.0 = Debug|Any CPU
		{7300711E-69B6-4833-8866-B453561BD4E7}.Release|Any CPU.ActiveCfg = Release|Any CPU
		{7300711E-69B6-4833-8866-B453561BD4E7}.Release|Any CPU.Build.0 = Release|Any CPU
		{0A88807F-FFF5-4A74-B4F0-4B1E9E5E03C5}.Debug|Any CPU.ActiveCfg = Debug|Any CPU
		{0A88807F-FFF5-4A74-B4F0-4B1E9E5E03C5}.Debug|Any CPU.Build.0 = Debug|Any CPU
		{0A88807F-FFF5-4A74-B4F0-4B1E9E5E03C5}.Release|Any CPU.ActiveCfg = Release|Any CPU
		{0A88807F-FFF5-4A74-B4F0-4B1E9E5E03C5}.Release|Any CPU.Build.0 = Release|Any CPU
		{0723F79A-91B2-4F13-9C73-D104F68BFB9F}.Debug|Any CPU.ActiveCfg = Debug|Any CPU
		{0723F79A-91B2-4F13-9C73-D104F68BFB9F}.Debug|Any CPU.Build.0 = Debug|Any CPU
		{0723F79A-91B2-4F13-9C73-D104F68BFB9F}.Release|Any CPU.ActiveCfg = Release|Any CPU
		{0723F79A-91B2-4F13-9C73-D104F68BFB9F}.Release|Any CPU.Build.0 = Release|Any CPU
		{EF309A58-11AE-4DB0-AE2D-351471DDA23B}.Debug|Any CPU.ActiveCfg = Debug|Any CPU
		{EF309A58-11AE-4DB0-AE2D-351471DDA23B}.Debug|Any CPU.Build.0 = Debug|Any CPU
		{EF309A58-11AE-4DB0-AE2D-351471DDA23B}.Release|Any CPU.ActiveCfg = Release|Any CPU
		{EF309A58-11AE-4DB0-AE2D-351471DDA23B}.Release|Any CPU.Build.0 = Release|Any CPU
		{4FAC41D5-557C-4F6A-9BE3-4A9DD1AABFD9}.Debug|Any CPU.ActiveCfg = Debug|Any CPU
		{4FAC41D5-557C-4F6A-9BE3-4A9DD1AABFD9}.Debug|Any CPU.Build.0 = Debug|Any CPU
		{4FAC41D5-557C-4F6A-9BE3-4A9DD1AABFD9}.Release|Any CPU.ActiveCfg = Release|Any CPU
		{4FAC41D5-557C-4F6A-9BE3-4A9DD1AABFD9}.Release|Any CPU.Build.0 = Release|Any CPU
	EndGlobalSection
	GlobalSection(SolutionProperties) = preSolution
		HideSolutionNode = FALSE
	EndGlobalSection
	GlobalSection(ExtensibilityGlobals) = postSolution
		SolutionGuid = {2E23B688-F867-4C86-8538-F30A02624EFC}
	EndGlobalSection
EndGlobal
